
Microsoft Visual Studio Solution File, Format Version 12.00
# Visual Studio 14
VisualStudioVersion = 14.0.25420.1
MinimumVisualStudioVersion = 10.0.40219.1
Project("{FAE04EC0-301F-11D3-BF4B-00C04F79EFBC}") = "SSDI_SPILELApplication", "SSDI_SPILELApplication\SSDI_SPILELApplication.csproj", "{9B0A3281-37A8-4000-B756-14BA33D2857D}"
EndProject
Project("{FAE04EC0-301F-11D3-BF4B-00C04F79EFBC}") = "SSDI_SPILELApplication.Tests", "SSDI_SPILELApplication.Tests\SSDI_SPILELApplication.Tests.csproj", "{EFC37B6E-F6DF-4E4D-83FA-C5339700DB38}"
EndProject
Project("{FAE04EC0-301F-11D3-BF4B-00C04F79EFBC}") = "DataBaseAccessLayer", "DataBaseAccessLayer\DataBaseAccessLayer.csproj", "{61203801-56A5-41C9-9C62-884CC913E66D}"
EndProject
Global
	GlobalSection(SolutionConfigurationPlatforms) = preSolution
		Debug|Any CPU = Debug|Any CPU
		Release|Any CPU = Release|Any CPU
	EndGlobalSection
	GlobalSection(ProjectConfigurationPlatforms) = postSolution
		{9B0A3281-37A8-4000-B756-14BA33D2857D}.Debug|Any CPU.ActiveCfg = Debug|Any CPU
		{9B0A3281-37A8-4000-B756-14BA33D2857D}.Debug|Any CPU.Build.0 = Debug|Any CPU
		{9B0A3281-37A8-4000-B756-14BA33D2857D}.Release|Any CPU.ActiveCfg = Release|Any CPU
		{9B0A3281-37A8-4000-B756-14BA33D2857D}.Release|Any CPU.Build.0 = Release|Any CPU
		{EFC37B6E-F6DF-4E4D-83FA-C5339700DB38}.Debug|Any CPU.ActiveCfg = Debug|Any CPU
		{EFC37B6E-F6DF-4E4D-83FA-C5339700DB38}.Debug|Any CPU.Build.0 = Debug|Any CPU
		{EFC37B6E-F6DF-4E4D-83FA-C5339700DB38}.Release|Any CPU.ActiveCfg = Release|Any CPU
		{EFC37B6E-F6DF-4E4D-83FA-C5339700DB38}.Release|Any CPU.Build.0 = Release|Any CPU
		{61203801-56A5-41C9-9C62-884CC913E66D}.Debug|Any CPU.ActiveCfg = Debug|Any CPU
		{61203801-56A5-41C9-9C62-884CC913E66D}.Debug|Any CPU.Build.0 = Debug|Any CPU
		{61203801-56A5-41C9-9C62-884CC913E66D}.Release|Any CPU.ActiveCfg = Release|Any CPU
		{61203801-56A5-41C9-9C62-884CC913E66D}.Release|Any CPU.Build.0 = Release|Any CPU
	EndGlobalSection
	GlobalSection(SolutionProperties) = preSolution
		HideSolutionNode = FALSE
	EndGlobalSection
EndGlobal
